
Microsoft Visual Studio Solution File, Format Version 12.00
# Visual Studio Version 16
VisualStudioVersion = 16.0.32602.291
MinimumVisualStudioVersion = 10.0.40219.1
Project("{FAE04EC0-301F-11D3-BF4B-00C04F79EFBC}") = "Masiv", "Masiv\Masiv.csproj", "{FF3262EF-D922-4A1A-BF6C-B34FD9791F09}"
EndProject
Project("{FAE04EC0-301F-11D3-BF4B-00C04F79EFBC}") = "Rechnik", "Rechnik\Rechnik.csproj", "{D4959EB6-C085-4A8C-A1F3-B4D0E4951AFA}"
EndProject
Global
	GlobalSection(SolutionConfigurationPlatforms) = preSolution
		Debug|Any CPU = Debug|Any CPU
		Release|Any CPU = Release|Any CPU
	EndGlobalSection
	GlobalSection(ProjectConfigurationPlatforms) = postSolution
		{FF3262EF-D922-4A1A-BF6C-B34FD9791F09}.Debug|Any CPU.ActiveCfg = Debug|Any CPU
		{FF3262EF-D922-4A1A-BF6C-B34FD9791F09}.Debug|Any CPU.Build.0 = Debug|Any CPU
		{FF3262EF-D922-4A1A-BF6C-B34FD9791F09}.Release|Any CPU.ActiveCfg = Release|Any CPU
		{FF3262EF-D922-4A1A-BF6C-B34FD9791F09}.Release|Any CPU.Build.0 = Release|Any CPU
		{D4959EB6-C085-4A8C-A1F3-B4D0E4951AFA}.Debug|Any CPU.ActiveCfg = Debug|Any CPU
		{D4959EB6-C085-4A8C-A1F3-B4D0E4951AFA}.Debug|Any CPU.Build.0 = Debug|Any CPU
		{D4959EB6-C085-4A8C-A1F3-B4D0E4951AFA}.Release|Any CPU.ActiveCfg = Release|Any CPU
		{D4959EB6-C085-4A8C-A1F3-B4D0E4951AFA}.Release|Any CPU.Build.0 = Release|Any CPU
	EndGlobalSection
	GlobalSection(SolutionProperties) = preSolution
		HideSolutionNode = FALSE
	EndGlobalSection
	GlobalSection(ExtensibilityGlobals) = postSolution
		SolutionGuid = {844BB616-FD03-4935-BC76-23C86DEF5531}
	EndGlobalSection
EndGlobal
