
Microsoft Visual Studio Solution File, Format Version 12.00
# Visual Studio Version 16
VisualStudioVersion = 16.0.32602.291
MinimumVisualStudioVersion = 10.0.40219.1
Project("{FAE04EC0-301F-11D3-BF4B-00C04F79EFBC}") = "WordCount", "ZadDictionary\WordCount.csproj", "{65EADEA6-D8A9-4F5D-9572-05BFB758322D}"
EndProject
Project("{FAE04EC0-301F-11D3-BF4B-00C04F79EFBC}") = "Miner", "Miner\Miner.csproj", "{84DB90D0-B094-4D6C-9CD7-B5B3B606B07C}"
EndProject
Project("{FAE04EC0-301F-11D3-BF4B-00C04F79EFBC}") = "Students", "Students\Students.csproj", "{BB2864BC-7464-497D-8516-9D992585F16E}"
EndProject
Global
	GlobalSection(SolutionConfigurationPlatforms) = preSolution
		Debug|Any CPU = Debug|Any CPU
		Release|Any CPU = Release|Any CPU
	EndGlobalSection
	GlobalSection(ProjectConfigurationPlatforms) = postSolution
		{65EADEA6-D8A9-4F5D-9572-05BFB758322D}.Debug|Any CPU.ActiveCfg = Debug|Any CPU
		{65EADEA6-D8A9-4F5D-9572-05BFB758322D}.Debug|Any CPU.Build.0 = Debug|Any CPU
		{65EADEA6-D8A9-4F5D-9572-05BFB758322D}.Release|Any CPU.ActiveCfg = Release|Any CPU
		{65EADEA6-D8A9-4F5D-9572-05BFB758322D}.Release|Any CPU.Build.0 = Release|Any CPU
		{84DB90D0-B094-4D6C-9CD7-B5B3B606B07C}.Debug|Any CPU.ActiveCfg = Debug|Any CPU
		{84DB90D0-B094-4D6C-9CD7-B5B3B606B07C}.Debug|Any CPU.Build.0 = Debug|Any CPU
		{84DB90D0-B094-4D6C-9CD7-B5B3B606B07C}.Release|Any CPU.ActiveCfg = Release|Any CPU
		{84DB90D0-B094-4D6C-9CD7-B5B3B606B07C}.Release|Any CPU.Build.0 = Release|Any CPU
		{BB2864BC-7464-497D-8516-9D992585F16E}.Debug|Any CPU.ActiveCfg = Debug|Any CPU
		{BB2864BC-7464-497D-8516-9D992585F16E}.Debug|Any CPU.Build.0 = Debug|Any CPU
		{BB2864BC-7464-497D-8516-9D992585F16E}.Release|Any CPU.ActiveCfg = Release|Any CPU
		{BB2864BC-7464-497D-8516-9D992585F16E}.Release|Any CPU.Build.0 = Release|Any CPU
	EndGlobalSection
	GlobalSection(SolutionProperties) = preSolution
		HideSolutionNode = FALSE
	EndGlobalSection
	GlobalSection(ExtensibilityGlobals) = postSolution
		SolutionGuid = {9D6A08DE-6F5D-41D6-BD84-C66179921033}
	EndGlobalSection
EndGlobal
